
Microsoft Visual Studio Solution File, Format Version 12.00
# Visual Studio Version 16
VisualStudioVersion = 16.0.30804.86
MinimumVisualStudioVersion = 10.0.40219.1
Project("{9A19103F-16F7-4668-BE54-9A1E7A4F7556}") = "WebApp", "WebApp\WebApp.csproj", "{3074E2D0-CBB7-4A60-B783-F1792E89E992}"
EndProject
Project("{2150E333-8FDC-42A3-9474-1A3956D46DE8}") = "Solution Items", "Solution Items", "{E0B33EFC-C45E-4466-B2B8-D80B5489FEDA}"
	ProjectSection(SolutionItems) = preProject
		.dockerignore = .dockerignore
		.gitignore = .gitignore
	EndProjectSection
EndProject
Global
	GlobalSection(SolutionConfigurationPlatforms) = preSolution
		Debug|Any CPU = Debug|Any CPU
		Release|Any CPU = Release|Any CPU
	EndGlobalSection
	GlobalSection(ProjectConfigurationPlatforms) = postSolution
		{3074E2D0-CBB7-4A60-B783-F1792E89E992}.Debug|Any CPU.ActiveCfg = Debug|Any CPU
		{3074E2D0-CBB7-4A60-B783-F1792E89E992}.Debug|Any CPU.Build.0 = Debug|Any CPU
		{3074E2D0-CBB7-4A60-B783-F1792E89E992}.Release|Any CPU.ActiveCfg = Release|Any CPU
		{3074E2D0-CBB7-4A60-B783-F1792E89E992}.Release|Any CPU.Build.0 = Release|Any CPU
	EndGlobalSection
	GlobalSection(SolutionProperties) = preSolution
		HideSolutionNode = FALSE
	EndGlobalSection
	GlobalSection(ExtensibilityGlobals) = postSolution
		SolutionGuid = {A475108B-0416-4389-89F4-BB035BF366F0}
	EndGlobalSection
EndGlobal
